
Microsoft Visual Studio Solution File, Format Version 11.00
# Visual Studio 2010
Project("{FAE04EC0-301F-11D3-BF4B-00C04F79EFBC}") = "Assembly-CSharp", "Assembly-CSharp.csproj", "{C74E9BBF-1871-F3A1-AD7C-706940B3BDFD}"
EndProject
Global
	GlobalSection(SolutionConfigurationPlatforms) = preSolution
		Debug|Any CPU = Debug|Any CPU
		Release|Any CPU = Release|Any CPU
	EndGlobalSection
	GlobalSection(ProjectConfigurationPlatforms) = postSolution
		{C74E9BBF-1871-F3A1-AD7C-706940B3BDFD}.Debug|Any CPU.ActiveCfg = Debug|Any CPU
		{C74E9BBF-1871-F3A1-AD7C-706940B3BDFD}.Debug|Any CPU.Build.0 = Debug|Any CPU
		{C74E9BBF-1871-F3A1-AD7C-706940B3BDFD}.Release|Any CPU.ActiveCfg = Release|Any CPU
		{C74E9BBF-1871-F3A1-AD7C-706940B3BDFD}.Release|Any CPU.Build.0 = Release|Any CPU
	EndGlobalSection
	GlobalSection(SolutionProperties) = preSolution
		HideSolutionNode = FALSE
	EndGlobalSection
EndGlobal
